
Microsoft Visual Studio Solution File, Format Version 12.00
# Visual Studio 15
VisualStudioVersion = 15.0.27004.2009
MinimumVisualStudioVersion = 10.0.40219.1
Project("{FAE04EC0-301F-11D3-BF4B-00C04F79EFBC}") = "Selenium_console2", "Selenium_console2\Selenium_console2.csproj", "{4085C8A9-B338-4A3E-AE9B-51A873EDF985}"
EndProject
Global
	GlobalSection(SolutionConfigurationPlatforms) = preSolution
		Debug|Any CPU = Debug|Any CPU
		Release|Any CPU = Release|Any CPU
	EndGlobalSection
	GlobalSection(ProjectConfigurationPlatforms) = postSolution
		{4085C8A9-B338-4A3E-AE9B-51A873EDF985}.Debug|Any CPU.ActiveCfg = Debug|Any CPU
		{4085C8A9-B338-4A3E-AE9B-51A873EDF985}.Debug|Any CPU.Build.0 = Debug|Any CPU
		{4085C8A9-B338-4A3E-AE9B-51A873EDF985}.Release|Any CPU.ActiveCfg = Release|Any CPU
		{4085C8A9-B338-4A3E-AE9B-51A873EDF985}.Release|Any CPU.Build.0 = Release|Any CPU
	EndGlobalSection
	GlobalSection(SolutionProperties) = preSolution
		HideSolutionNode = FALSE
	EndGlobalSection
	GlobalSection(ExtensibilityGlobals) = postSolution
		SolutionGuid = {76654E0E-DA76-470A-A909-242F6D6D39C5}
	EndGlobalSection
EndGlobal
